github.com/ZoidbergHomeowner/result v1.0.1 h1:IyOgYmctYF614X6gj+/QHQP6Z3nB+s++nJQTo58IIqY=
github.com/ZoidbergHomeowner/result v1.0.1/go.mod h1:/+DrSAxPhfmffcsLvfTAfC5IYAAZKyytyNyTQDnL2eU=
github.com/ZoidbergHomeowner/result v1.1.0 h1:bMRoc4TFSeEMvLWnyVOupz7cXDDhh1Il8aN72r6MMOQ=
github.com/ZoidbergHomeowner/result v1.1.0/go.mod h1:/+DrSAxPhfmffcsLvfTAfC5IYAAZKyytyNyTQDnL2eU=
